// !$*UTF8*$!
{
	archiveVersion = 1;
	classes = {
	};
	objectVersion = 50;
	objects = {

/* Begin PBXBuildFile section */
		B2045C7723C9D3B600DED2EB /* NetworkManager.swift in Sources */ = {isa = PBXBuildFile; fileRef = B2045C7623C9D3B600DED2EB /* NetworkManager.swift */; };
		B2045C7A23CA098800DED2EB /* ErrorMessage.swift in Sources */ = {isa = PBXBuildFile; fileRef = B2045C7923CA098800DED2EB /* ErrorMessage.swift */; };
		B2045C7D23CA2C3600DED2EB /* FollowerCell.swift in Sources */ = {isa = PBXBuildFile; fileRef = B2045C7C23CA2C3600DED2EB /* FollowerCell.swift */; };
		B22E2A0823C0B28800F0791D /* AppDelegate.swift in Sources */ = {isa = PBXBuildFile; fileRef = B22E2A0723C0B28800F0791D /* AppDelegate.swift */; };
		B22E2A0A23C0B28800F0791D /* SceneDelegate.swift in Sources */ = {isa = PBXBuildFile; fileRef = B22E2A0923C0B28800F0791D /* SceneDelegate.swift */; };
		B22E2A1123C0B28C00F0791D /* Assets.xcassets in Resources */ = {isa = PBXBuildFile; fileRef = B22E2A1023C0B28C00F0791D /* Assets.xcassets */; };
		B22E2A1423C0B28C00F0791D /* LaunchScreen.storyboard in Resources */ = {isa = PBXBuildFile; fileRef = B22E2A1223C0B28C00F0791D /* LaunchScreen.storyboard */; };
		B22E2A1C23C0BD1300F0791D /* SearchVC.swift in Sources */ = {isa = PBXBuildFile; fileRef = B22E2A1B23C0BD1300F0791D /* SearchVC.swift */; };
		B277094623C0BDC400ED2299 /* FavoritesListVC.swift in Sources */ = {isa = PBXBuildFile; fileRef = B277094523C0BDC400ED2299 /* FavoritesListVC.swift */; };
		B277094823C0CC5700ED2299 /* GFButton.swift in Sources */ = {isa = PBXBuildFile; fileRef = B277094723C0CC5700ED2299 /* GFButton.swift */; };
		B277094A23C0D02700ED2299 /* GFTextField.swift in Sources */ = {isa = PBXBuildFile; fileRef = B277094923C0D02700ED2299 /* GFTextField.swift */; };
		B29C2DF123C0F9100056A692 /* FollowerListVC.swift in Sources */ = {isa = PBXBuildFile; fileRef = B29C2DF023C0F9100056A692 /* FollowerListVC.swift */; };
		B2D5352923C236C70007A96F /* Follower.swift in Sources */ = {isa = PBXBuildFile; fileRef = B2D5352823C236C70007A96F /* Follower.swift */; };
		B2D5352C23C2379D0007A96F /* User.swift in Sources */ = {isa = PBXBuildFile; fileRef = B2D5352B23C2379D0007A96F /* User.swift */; };
		B2FDBC7223C1DBEB00336803 /* GFTitleLabel.swift in Sources */ = {isa = PBXBuildFile; fileRef = B2FDBC7123C1DBEB00336803 /* GFTitleLabel.swift */; };
		B2FDBC7423C1DD7100336803 /* GFBodyLabel.swift in Sources */ = {isa = PBXBuildFile; fileRef = B2FDBC7323C1DD7100336803 /* GFBodyLabel.swift */; };
		B2FDBC7623C1DEF200336803 /* GFAlertVC.swift in Sources */ = {isa = PBXBuildFile; fileRef = B2FDBC7523C1DEF200336803 /* GFAlertVC.swift */; };
		B2FDBC7823C1E6F900336803 /* UIViewController+Ext.swift in Sources */ = {isa = PBXBuildFile; fileRef = B2FDBC7723C1E6F900336803 /* UIViewController+Ext.swift */; };
/* End PBXBuildFile section */

/* Begin PBXFileReference section */
		B2045C7623C9D3B600DED2EB /* NetworkManager.swift */ = {isa = PBXFileReference; lastKnownFileType = sourcecode.swift; path = NetworkManager.swift; sourceTree = "<group>"; };
		B2045C7923CA098800DED2EB /* ErrorMessage.swift */ = {isa = PBXFileReference; lastKnownFileType = sourcecode.swift; path = ErrorMessage.swift; sourceTree = "<group>"; };
		B2045C7C23CA2C3600DED2EB /* FollowerCell.swift */ = {isa = PBXFileReference; lastKnownFileType = sourcecode.swift; path = FollowerCell.swift; sourceTree = "<group>"; };
		B22E2A0423C0B28800F0791D /* GitHubFollowers.app */ = {isa = PBXFileReference; explicitFileType = wrapper.application; includeInIndex = 0; path = GitHubFollowers.app; sourceTree = BUILT_PRODUCTS_DIR; };
		B22E2A0723C0B28800F0791D /* AppDelegate.swift */ = {isa = PBXFileReference; lastKnownFileType = sourcecode.swift; path = AppDelegate.swift; sourceTree = "<group>"; };
		B22E2A0923C0B28800F0791D /* SceneDelegate.swift */ = {isa = PBXFileReference; lastKnownFileType = sourcecode.swift; path = SceneDelegate.swift; sourceTree = "<group>"; };
		B22E2A1023C0B28C00F0791D /* Assets.xcassets */ = {isa = PBXFileReference; lastKnownFileType = folder.assetcatalog; path = Assets.xcassets; sourceTree = "<group>"; };
		B22E2A1323C0B28C00F0791D /* Base */ = {isa = PBXFileReference; lastKnownFileType = file.storyboard; name = Base; path = Base.lproj/LaunchScreen.storyboard; sourceTree = "<group>"; };
		B22E2A1523C0B28C00F0791D /* Info.plist */ = {isa = PBXFileReference; lastKnownFileType = text.plist.xml; path = Info.plist; sourceTree = "<group>"; };
		B22E2A1B23C0BD1300F0791D /* SearchVC.swift */ = {isa = PBXFileReference; lastKnownFileType = sourcecode.swift; path = SearchVC.swift; sourceTree = "<group>"; };
		B277094523C0BDC400ED2299 /* FavoritesListVC.swift */ = {isa = PBXFileReference; lastKnownFileType = sourcecode.swift; path = FavoritesListVC.swift; sourceTree = "<group>"; };
		B277094723C0CC5700ED2299 /* GFButton.swift */ = {isa = PBXFileReference; lastKnownFileType = sourcecode.swift; path = GFButton.swift; sourceTree = "<group>"; };
		B277094923C0D02700ED2299 /* GFTextField.swift */ = {isa = PBXFileReference; lastKnownFileType = sourcecode.swift; path = GFTextField.swift; sourceTree = "<group>"; };
		B29C2DF023C0F9100056A692 /* FollowerListVC.swift */ = {isa = PBXFileReference; lastKnownFileType = sourcecode.swift; path = FollowerListVC.swift; sourceTree = "<group>"; };
		B2D5352823C236C70007A96F /* Follower.swift */ = {isa = PBXFileReference; lastKnownFileType = sourcecode.swift; path = Follower.swift; sourceTree = "<group>"; };
		B2D5352B23C2379D0007A96F /* User.swift */ = {isa = PBXFileReference; lastKnownFileType = sourcecode.swift; path = User.swift; sourceTree = "<group>"; };
		B2FDBC7123C1DBEB00336803 /* GFTitleLabel.swift */ = {isa = PBXFileReference; lastKnownFileType = sourcecode.swift; path = GFTitleLabel.swift; sourceTree = "<group>"; };
		B2FDBC7323C1DD7100336803 /* GFBodyLabel.swift */ = {isa = PBXFileReference; lastKnownFileType = sourcecode.swift; path = GFBodyLabel.swift; sourceTree = "<group>"; };
		B2FDBC7523C1DEF200336803 /* GFAlertVC.swift */ = {isa = PBXFileReference; lastKnownFileType = sourcecode.swift; path = GFAlertVC.swift; sourceTree = "<group>"; };
		B2FDBC7723C1E6F900336803 /* UIViewController+Ext.swift */ = {isa = PBXFileReference; lastKnownFileType = sourcecode.swift; path = "UIViewController+Ext.swift"; sourceTree = "<group>"; };
/* End PBXFileReference section */

/* Begin PBXFrameworksBuildPhase section */
		B22E2A0123C0B28800F0791D /* Frameworks */ = {
			isa = PBXFrameworksBuildPhase;
			buildActionMask = 2147483647;
			files = (
			);
			runOnlyForDeploymentPostprocessing = 0;
		};
/* End PBXFrameworksBuildPhase section */

/* Begin PBXGroup section */
		B2045C7523C9D37A00DED2EB /* Managers */ = {
			isa = PBXGroup;
			children = (
				B2045C7623C9D3B600DED2EB /* NetworkManager.swift */,
			);
			path = Managers;
			sourceTree = "<group>";
		};
		B2045C7823CA097500DED2EB /* Utilities */ = {
			isa = PBXGroup;
			children = (
				B2045C7923CA098800DED2EB /* ErrorMessage.swift */,
			);
			path = Utilities;
			sourceTree = "<group>";
		};
		B2045C7B23CA2C1200DED2EB /* Cells */ = {
			isa = PBXGroup;
			children = (
				B2045C7C23CA2C3600DED2EB /* FollowerCell.swift */,
			);
			path = Cells;
			sourceTree = "<group>";
		};
		B22E29FB23C0B28800F0791D = {
			isa = PBXGroup;
			children = (
				B22E2A0623C0B28800F0791D /* GitHubFollowers */,
				B22E2A1523C0B28C00F0791D /* Info.plist */,
				B22E2A0523C0B28800F0791D /* Products */,
			);
			sourceTree = "<group>";
		};
		B22E2A0523C0B28800F0791D /* Products */ = {
			isa = PBXGroup;
			children = (
				B22E2A0423C0B28800F0791D /* GitHubFollowers.app */,
			);
			name = Products;
			sourceTree = "<group>";
		};
		B22E2A0623C0B28800F0791D /* GitHubFollowers */ = {
			isa = PBXGroup;
			children = (
				B2045C7823CA097500DED2EB /* Utilities */,
				B2045C7523C9D37A00DED2EB /* Managers */,
				B2D5352A23C236CB0007A96F /* Model */,
				B2D5352623C22D5D0007A96F /* Extensions */,
				B2D5352523C22D420007A96F /* Custom Views */,
				B2D5352423C22D030007A96F /* Controllers */,
				B2D5352723C22DC80007A96F /* Support */,
			);
			path = GitHubFollowers;
			sourceTree = "<group>";
		};
		B2D5352423C22D030007A96F /* Controllers */ = {
			isa = PBXGroup;
			children = (
				B22E2A1B23C0BD1300F0791D /* SearchVC.swift */,
				B277094523C0BDC400ED2299 /* FavoritesListVC.swift */,
				B29C2DF023C0F9100056A692 /* FollowerListVC.swift */,
			);
			path = Controllers;
			sourceTree = "<group>";
		};
		B2D5352523C22D420007A96F /* Custom Views */ = {
			isa = PBXGroup;
			children = (
				B2045C7B23CA2C1200DED2EB /* Cells */,
				B2FDBC7523C1DEF200336803 /* GFAlertVC.swift */,
				B277094723C0CC5700ED2299 /* GFButton.swift */,
				B277094923C0D02700ED2299 /* GFTextField.swift */,
				B2FDBC7123C1DBEB00336803 /* GFTitleLabel.swift */,
				B2FDBC7323C1DD7100336803 /* GFBodyLabel.swift */,
			);
			path = "Custom Views";
			sourceTree = "<group>";
		};
		B2D5352623C22D5D0007A96F /* Extensions */ = {
			isa = PBXGroup;
			children = (
				B2FDBC7723C1E6F900336803 /* UIViewController+Ext.swift */,
			);
			path = Extensions;
			sourceTree = "<group>";
		};
		B2D5352723C22DC80007A96F /* Support */ = {
			isa = PBXGroup;
			children = (
				B22E2A0723C0B28800F0791D /* AppDelegate.swift */,
				B22E2A0923C0B28800F0791D /* SceneDelegate.swift */,
				B22E2A1023C0B28C00F0791D /* Assets.xcassets */,
				B22E2A1223C0B28C00F0791D /* LaunchScreen.storyboard */,
			);
			path = Support;
			sourceTree = "<group>";
		};
		B2D5352A23C236CB0007A96F /* Model */ = {
			isa = PBXGroup;
			children = (
				B2D5352823C236C70007A96F /* Follower.swift */,
				B2D5352B23C2379D0007A96F /* User.swift */,
			);
			path = Model;
			sourceTree = "<group>";
		};
/* End PBXGroup section */

/* Begin PBXNativeTarget section */
		B22E2A0323C0B28800F0791D /* GitHubFollowers */ = {
			isa = PBXNativeTarget;
			buildConfigurationList = B22E2A1823C0B28C00F0791D /* Build configuration list for PBXNativeTarget "GitHubFollowers" */;
			buildPhases = (
				B22E2A0023C0B28800F0791D /* Sources */,
				B22E2A0123C0B28800F0791D /* Frameworks */,
				B22E2A0223C0B28800F0791D /* Resources */,
			);
			buildRules = (
			);
			dependencies = (
			);
			name = GitHubFollowers;
			productName = GitHubFollowers;
			productReference = B22E2A0423C0B28800F0791D /* GitHubFollowers.app */;
			productType = "com.apple.product-type.application";
		};
/* End PBXNativeTarget section */

/* Begin PBXProject section */
		B22E29FC23C0B28800F0791D /* Project object */ = {
			isa = PBXProject;
			attributes = {
				LastSwiftUpdateCheck = 1130;
				LastUpgradeCheck = 1130;
				ORGANIZATIONNAME = "Henry Kivimaa";
				TargetAttributes = {
					B22E2A0323C0B28800F0791D = {
						CreatedOnToolsVersion = 11.3;
					};
				};
			};
			buildConfigurationList = B22E29FF23C0B28800F0791D /* Build configuration list for PBXProject "GitHubFollowers" */;
			compatibilityVersion = "Xcode 9.3";
			developmentRegion = en;
			hasScannedForEncodings = 0;
			knownRegions = (
				en,
				Base,
			);
			mainGroup = B22E29FB23C0B28800F0791D;
			productRefGroup = B22E2A0523C0B28800F0791D /* Products */;
			projectDirPath = "";
			projectRoot = "";
			targets = (
				B22E2A0323C0B28800F0791D /* GitHubFollowers */,
			);
		};
/* End PBXProject section */

/* Begin PBXResourcesBuildPhase section */
		B22E2A0223C0B28800F0791D /* Resources */ = {
			isa = PBXResourcesBuildPhase;
			buildActionMask = 2147483647;
			files = (
				B22E2A1423C0B28C00F0791D /* LaunchScreen.storyboard in Resources */,
				B22E2A1123C0B28C00F0791D /* Assets.xcassets in Resources */,
			);
			runOnlyForDeploymentPostprocessing = 0;
		};
/* End PBXResourcesBuildPhase section */

/* Begin PBXSourcesBuildPhase section */
		B22E2A0023C0B28800F0791D /* Sources */ = {
			isa = PBXSourcesBuildPhase;
			buildActionMask = 2147483647;
			files = (
				B2D5352C23C2379D0007A96F /* User.swift in Sources */,
				B277094A23C0D02700ED2299 /* GFTextField.swift in Sources */,
				B277094623C0BDC400ED2299 /* FavoritesListVC.swift in Sources */,
				B277094823C0CC5700ED2299 /* GFButton.swift in Sources */,
				B2FDBC7823C1E6F900336803 /* UIViewController+Ext.swift in Sources */,
				B22E2A1C23C0BD1300F0791D /* SearchVC.swift in Sources */,
				B2FDBC7623C1DEF200336803 /* GFAlertVC.swift in Sources */,
				B2045C7D23CA2C3600DED2EB /* FollowerCell.swift in Sources */,
				B2045C7A23CA098800DED2EB /* ErrorMessage.swift in Sources */,
				B2FDBC7423C1DD7100336803 /* GFBodyLabel.swift in Sources */,
				B2D5352923C236C70007A96F /* Follower.swift in Sources */,
				B2FDBC7223C1DBEB00336803 /* GFTitleLabel.swift in Sources */,
				B2045C7723C9D3B600DED2EB /* NetworkManager.swift in Sources */,
				B29C2DF123C0F9100056A692 /* FollowerListVC.swift in Sources */,
				B22E2A0823C0B28800F0791D /* AppDelegate.swift in Sources */,
				B22E2A0A23C0B28800F0791D /* SceneDelegate.swift in Sources */,
			);
			runOnlyForDeploymentPostprocessing = 0;
		};
/* End PBXSourcesBuildPhase section */

/* Begin PBXVariantGroup section */
		B22E2A1223C0B28C00F0791D /* LaunchScreen.storyboard */ = {
			isa = PBXVariantGroup;
			children = (
				B22E2A1323C0B28C00F0791D /* Base */,
			);
			name = LaunchScreen.storyboard;
			sourceTree = "<group>";
		};
/* End PBXVariantGroup section */

/* Begin XCBuildConfiguration section */
		B22E2A1623C0B28C00F0791D /* Debug */ = {
			isa = XCBuildConfiguration;
			buildSettings = {
				ALWAYS_SEARCH_USER_PATHS = NO;
				CLANG_ANALYZER_NONNULL = YES;
				CLANG_ANALYZER_NUMBER_OBJECT_CONVERSION = YES_AGGRESSIVE;
				CLANG_CXX_LANGUAGE_STANDARD = "gnu++14";
				CLANG_CXX_LIBRARY = "libc++";
				CLANG_ENABLE_MODULES = YES;
				CLANG_ENABLE_OBJC_ARC = YES;
				CLANG_ENABLE_OBJC_WEAK = YES;
				CLANG_WARN_BLOCK_CAPTURE_AUTORELEASING = YES;
				CLANG_WARN_BOOL_CONVERSION = YES;
				CLANG_WARN_COMMA = YES;
				CLANG_WARN_CONSTANT_CONVERSION = YES;
				CLANG_WARN_DEPRECATED_OBJC_IMPLEMENTATIONS = YES;
				CLANG_WARN_DIRECT_OBJC_ISA_USAGE = YES_ERROR;
				CLANG_WARN_DOCUMENTATION_COMMENTS = YES;
				CLANG_WARN_EMPTY_BODY = YES;
				CLANG_WARN_ENUM_CONVERSION = YES;
				CLANG_WARN_INFINITE_RECURSION = YES;
				CLANG_WARN_INT_CONVERSION = YES;
				CLANG_WARN_NON_LITERAL_NULL_CONVERSION = YES;
				CLANG_WARN_OBJC_IMPLICIT_RETAIN_SELF = YES;
				CLANG_WARN_OBJC_LITERAL_CONVERSION = YES;
				CLANG_WARN_OBJC_ROOT_CLASS = YES_ERROR;
				CLANG_WARN_RANGE_LOOP_ANALYSIS = YES;
				CLANG_WARN_STRICT_PROTOTYPES = YES;
				CLANG_WARN_SUSPICIOUS_MOVE = YES;
				CLANG_WARN_UNGUARDED_AVAILABILITY = YES_AGGRESSIVE;
				CLANG_WARN_UNREACHABLE_CODE = YES;
				CLANG_WARN__DUPLICATE_METHOD_MATCH = YES;
				COPY_PHASE_STRIP = NO;
				DEBUG_INFORMATION_FORMAT = dwarf;
				ENABLE_STRICT_OBJC_MSGSEND = YES;
				ENABLE_TESTABILITY = YES;
				GCC_C_LANGUAGE_STANDARD = gnu11;
				GCC_DYNAMIC_NO_PIC = NO;
				GCC_NO_COMMON_BLOCKS = YES;
				GCC_OPTIMIZATION_LEVEL = 0;
				GCC_PREPROCESSOR_DEFINITIONS = (
					"DEBUG=1",
					"$(inherited)",
				);
				GCC_WARN_64_TO_32_BIT_CONVERSION = YES;
				GCC_WARN_ABOUT_RETURN_TYPE = YES_ERROR;
				GCC_WARN_UNDECLARED_SELECTOR = YES;
				GCC_WARN_UNINITIALIZED_AUTOS = YES_AGGRESSIVE;
				GCC_WARN_UNUSED_FUNCTION = YES;
				GCC_WARN_UNUSED_VARIABLE = YES;
				IPHONEOS_DEPLOYMENT_TARGET = 13.2;
				MTL_ENABLE_DEBUG_INFO = INCLUDE_SOURCE;
				MTL_FAST_MATH = YES;
				ONLY_ACTIVE_ARCH = YES;
				SDKROOT = iphoneos;
				SWIFT_ACTIVE_COMPILATION_CONDITIONS = DEBUG;
				SWIFT_OPTIMIZATION_LEVEL = "-Onone";
			};
			name = Debug;
		};
		B22E2A1723C0B28C00F0791D /* Release */ = {
			isa = XCBuildConfiguration;
			buildSettings = {
				ALWAYS_SEARCH_USER_PATHS = NO;
				CLANG_ANALYZER_NONNULL = YES;
				CLANG_ANALYZER_NUMBER_OBJECT_CONVERSION = YES_AGGRESSIVE;
				CLANG_CXX_LANGUAGE_STANDARD = "gnu++14";
				CLANG_CXX_LIBRARY = "libc++";
				CLANG_ENABLE_MODULES = YES;
				CLANG_ENABLE_OBJC_ARC = YES;
				CLANG_ENABLE_OBJC_WEAK = YES;
				CLANG_WARN_BLOCK_CAPTURE_AUTORELEASING = YES;
				CLANG_WARN_BOOL_CONVERSION = YES;
				CLANG_WARN_COMMA = YES;
				CLANG_WARN_CONSTANT_CONVERSION = YES;
				CLANG_WARN_DEPRECATED_OBJC_IMPLEMENTATIONS = YES;
				CLANG_WARN_DIRECT_OBJC_ISA_USAGE = YES_ERROR;
				CLANG_WARN_DOCUMENTATION_COMMENTS = YES;
				CLANG_WARN_EMPTY_BODY = YES;
				CLANG_WARN_ENUM_CONVERSION = YES;
				CLANG_WARN_INFINITE_RECURSION = YES;
				CLANG_WARN_INT_CONVERSION = YES;
				CLANG_WARN_NON_LITERAL_NULL_CONVERSION = YES;
				CLANG_WARN_OBJC_IMPLICIT_RETAIN_SELF = YES;
				CLANG_WARN_OBJC_LITERAL_CONVERSION = YES;
				CLANG_WARN_OBJC_ROOT_CLASS = YES_ERROR;
				CLANG_WARN_RANGE_LOOP_ANALYSIS = YES;
				CLANG_WARN_STRICT_PROTOTYPES = YES;
				CLANG_WARN_SUSPICIOUS_MOVE = YES;
				CLANG_WARN_UNGUARDED_AVAILABILITY = YES_AGGRESSIVE;
				CLANG_WARN_UNREACHABLE_CODE = YES;
				CLANG_WARN__DUPLICATE_METHOD_MATCH = YES;
				COPY_PHASE_STRIP = NO;
				DEBUG_INFORMATION_FORMAT = "dwarf-with-dsym";
				ENABLE_NS_ASSERTIONS = NO;
				ENABLE_STRICT_OBJC_MSGSEND = YES;
				GCC_C_LANGUAGE_STANDARD = gnu11;
				GCC_NO_COMMON_BLOCKS = YES;
				GCC_WARN_64_TO_32_BIT_CONVERSION = YES;
				GCC_WARN_ABOUT_RETURN_TYPE = YES_ERROR;
				GCC_WARN_UNDECLARED_SELECTOR = YES;
				GCC_WARN_UNINITIALIZED_AUTOS = YES_AGGRESSIVE;
				GCC_WARN_UNUSED_FUNCTION = YES;
				GCC_WARN_UNUSED_VARIABLE = YES;
				IPHONEOS_DEPLOYMENT_TARGET = 13.2;
				MTL_ENABLE_DEBUG_INFO = NO;
				MTL_FAST_MATH = YES;
				SDKROOT = iphoneos;
				SWIFT_COMPILATION_MODE = wholemodule;
				SWIFT_OPTIMIZATION_LEVEL = "-O";
				VALIDATE_PRODUCT = YES;
			};
			name = Release;
		};
		B22E2A1923C0B28C00F0791D /* Debug */ = {
			isa = XCBuildConfiguration;
			buildSettings = {
				ASSETCATALOG_COMPILER_APPICON_NAME = AppIcon;
				CODE_SIGN_STYLE = Automatic;
				DEVELOPMENT_TEAM = R25P2222S2;
				INFOPLIST_FILE = GitHubFollowers/Info.plist;
				LD_RUNPATH_SEARCH_PATHS = (
					"$(inherited)",
					"@executable_path/Frameworks",
				);
				PRODUCT_BUNDLE_IDENTIFIER = com.henrykivimaa.GitHubFollowers;
				PRODUCT_NAME = "$(TARGET_NAME)";
				SWIFT_VERSION = 5.0;
				TARGETED_DEVICE_FAMILY = 1;
			};
			name = Debug;
		};
		B22E2A1A23C0B28C00F0791D /* Release */ = {
			isa = XCBuildConfiguration;
			buildSettings = {
				ASSETCATALOG_COMPILER_APPICON_NAME = AppIcon;
				CODE_SIGN_STYLE = Automatic;
				DEVELOPMENT_TEAM = R25P2222S2;
				INFOPLIST_FILE = GitHubFollowers/Info.plist;
				LD_RUNPATH_SEARCH_PATHS = (
					"$(inherited)",
					"@executable_path/Frameworks",
				);
				PRODUCT_BUNDLE_IDENTIFIER = com.henrykivimaa.GitHubFollowers;
				PRODUCT_NAME = "$(TARGET_NAME)";
				SWIFT_VERSION = 5.0;
				TARGETED_DEVICE_FAMILY = 1;
			};
			name = Release;
		};
/* End XCBuildConfiguration section */

/* Begin XCConfigurationList section */
		B22E29FF23C0B28800F0791D /* Build configuration list for PBXProject "GitHubFollowers" */ = {
			isa = XCConfigurationList;
			buildConfigurations = (
				B22E2A1623C0B28C00F0791D /* Debug */,
				B22E2A1723C0B28C00F0791D /* Release */,
			);
			defaultConfigurationIsVisible = 0;
			defaultConfigurationName = Release;
		};
		B22E2A1823C0B28C00F0791D /* Build configuration list for PBXNativeTarget "GitHubFollowers" */ = {
			isa = XCConfigurationList;
			buildConfigurations = (
				B22E2A1923C0B28C00F0791D /* Debug */,
				B22E2A1A23C0B28C00F0791D /* Release */,
			);
			defaultConfigurationIsVisible = 0;
			defaultConfigurationName = Release;
		};
/* End XCConfigurationList section */
	};
	rootObject = B22E29FC23C0B28800F0791D /* Project object */;
}
